
Microsoft Visual Studio Solution File, Format Version 12.00
# Visual Studio Version 16
VisualStudioVersion = 16.0.31205.134
MinimumVisualStudioVersion = 10.0.40219.1
Project("{9A19103F-16F7-4668-BE54-9A1E7A4F7556}") = "NewsApi", "..\src\NewsApi\NewsApi.csproj", "{CC74848E-96E2-4D10-B0E3-5B3524F817F1}"
EndProject
Project("{FAE04EC0-301F-11D3-BF4B-00C04F79EFBC}") = "NewsApiTests", "NewsApiTests\NewsApiTests.csproj", "{8C751E31-499F-4065-BD03-64ABCF8F9A21}"
EndProject
Project("{9A19103F-16F7-4668-BE54-9A1E7A4F7556}") = "NewsReader", "..\src\NewsReader\NewsReader.csproj", "{4CF540D6-C987-4EE9-90B8-CDE622626E40}"
EndProject
Global
	GlobalSection(SolutionConfigurationPlatforms) = preSolution
		Debug|Any CPU = Debug|Any CPU
		Release|Any CPU = Release|Any CPU
	EndGlobalSection
	GlobalSection(ProjectConfigurationPlatforms) = postSolution
		{CC74848E-96E2-4D10-B0E3-5B3524F817F1}.Debug|Any CPU.ActiveCfg = Debug|Any CPU
		{CC74848E-96E2-4D10-B0E3-5B3524F817F1}.Debug|Any CPU.Build.0 = Debug|Any CPU
		{CC74848E-96E2-4D10-B0E3-5B3524F817F1}.Release|Any CPU.ActiveCfg = Release|Any CPU
		{CC74848E-96E2-4D10-B0E3-5B3524F817F1}.Release|Any CPU.Build.0 = Release|Any CPU
		{8C751E31-499F-4065-BD03-64ABCF8F9A21}.Debug|Any CPU.ActiveCfg = Debug|Any CPU
		{8C751E31-499F-4065-BD03-64ABCF8F9A21}.Debug|Any CPU.Build.0 = Debug|Any CPU
		{8C751E31-499F-4065-BD03-64ABCF8F9A21}.Release|Any CPU.ActiveCfg = Release|Any CPU
		{8C751E31-499F-4065-BD03-64ABCF8F9A21}.Release|Any CPU.Build.0 = Release|Any CPU
		{4CF540D6-C987-4EE9-90B8-CDE622626E40}.Debug|Any CPU.ActiveCfg = Debug|Any CPU
		{4CF540D6-C987-4EE9-90B8-CDE622626E40}.Debug|Any CPU.Build.0 = Debug|Any CPU
		{4CF540D6-C987-4EE9-90B8-CDE622626E40}.Release|Any CPU.ActiveCfg = Release|Any CPU
		{4CF540D6-C987-4EE9-90B8-CDE622626E40}.Release|Any CPU.Build.0 = Release|Any CPU
	EndGlobalSection
	GlobalSection(SolutionProperties) = preSolution
		HideSolutionNode = FALSE
	EndGlobalSection
	GlobalSection(ExtensibilityGlobals) = postSolution
		SolutionGuid = {C56969D8-36EE-4E7E-B971-F404EED41F9A}
	EndGlobalSection
EndGlobal
